// !$*UTF8*$!
{
	archiveVersion = 1;
	classes = {
	};
	objectVersion = 48;
	objects = {

/* Begin PBXBuildFile section */
		4855A82B21489FC100ADABBC /* AppDelegate.swift in Sources */ = {isa = PBXBuildFile; fileRef = 4855A82A21489FC100ADABBC /* AppDelegate.swift */; };
		4855A82D21489FC100ADABBC /* ViewController.swift in Sources */ = {isa = PBXBuildFile; fileRef = 4855A82C21489FC100ADABBC /* ViewController.swift */; };
		4855A83021489FC100ADABBC /* Main.storyboard in Resources */ = {isa = PBXBuildFile; fileRef = 4855A82E21489FC100ADABBC /* Main.storyboard */; };
		4855A83221489FC100ADABBC /* Assets.xcassets in Resources */ = {isa = PBXBuildFile; fileRef = 4855A83121489FC100ADABBC /* Assets.xcassets */; };
		4855A83521489FC100ADABBC /* LaunchScreen.storyboard in Resources */ = {isa = PBXBuildFile; fileRef = 4855A83321489FC100ADABBC /* LaunchScreen.storyboard */; };
		4855A84021489FC100ADABBC /* TumblrTests.swift in Sources */ = {isa = PBXBuildFile; fileRef = 4855A83F21489FC100ADABBC /* TumblrTests.swift */; };
		4855A84B21489FC100ADABBC /* TumblrUITests.swift in Sources */ = {isa = PBXBuildFile; fileRef = 4855A84A21489FC100ADABBC /* TumblrUITests.swift */; };
/* End PBXBuildFile section */

/* Begin PBXContainerItemProxy section */
		4855A83C21489FC100ADABBC /* PBXContainerItemProxy */ = {
			isa = PBXContainerItemProxy;
			containerPortal = 4855A81F21489FC100ADABBC /* Project object */;
			proxyType = 1;
			remoteGlobalIDString = 4855A82621489FC100ADABBC;
			remoteInfo = Tumblr;
		};
		4855A84721489FC100ADABBC /* PBXContainerItemProxy */ = {
			isa = PBXContainerItemProxy;
			containerPortal = 4855A81F21489FC100ADABBC /* Project object */;
			proxyType = 1;
			remoteGlobalIDString = 4855A82621489FC100ADABBC;
			remoteInfo = Tumblr;
		};
/* End PBXContainerItemProxy section */

/* Begin PBXFileReference section */
		4855A82721489FC100ADABBC /* Tumblr.app */ = {isa = PBXFileReference; explicitFileType = wrapper.application; includeInIndex = 0; path = Tumblr.app; sourceTree = BUILT_PRODUCTS_DIR; };
		4855A82A21489FC100ADABBC /* AppDelegate.swift */ = {isa = PBXFileReference; lastKnownFileType = sourcecode.swift; path = AppDelegate.swift; sourceTree = "<group>"; };
		4855A82C21489FC100ADABBC /* ViewController.swift */ = {isa = PBXFileReference; lastKnownFileType = sourcecode.swift; path = ViewController.swift; sourceTree = "<group>"; };
		4855A82F21489FC100ADABBC /* Base */ = {isa = PBXFileReference; lastKnownFileType = file.storyboard; name = Base; path = Base.lproj/Main.storyboard; sourceTree = "<group>"; };
		4855A83121489FC100ADABBC /* Assets.xcassets */ = {isa = PBXFileReference; lastKnownFileType = folder.assetcatalog; path = Assets.xcassets; sourceTree = "<group>"; };
		4855A83421489FC100ADABBC /* Base */ = {isa = PBXFileReference; lastKnownFileType = file.storyboard; name = Base; path = Base.lproj/LaunchScreen.storyboard; sourceTree = "<group>"; };
		4855A83621489FC100ADABBC /* Info.plist */ = {isa = PBXFileReference; lastKnownFileType = text.plist.xml; path = Info.plist; sourceTree = "<group>"; };
		4855A83B21489FC100ADABBC /* TumblrTests.xctest */ = {isa = PBXFileReference; explicitFileType = wrapper.cfbundle; includeInIndex = 0; path = TumblrTests.xctest; sourceTree = BUILT_PRODUCTS_DIR; };
		4855A83F21489FC100ADABBC /* TumblrTests.swift */ = {isa = PBXFileReference; lastKnownFileType = sourcecode.swift; path = TumblrTests.swift; sourceTree = "<group>"; };
		4855A84121489FC100ADABBC /* Info.plist */ = {isa = PBXFileReference; lastKnownFileType = text.plist.xml; path = Info.plist; sourceTree = "<group>"; };
		4855A84621489FC100ADABBC /* TumblrUITests.xctest */ = {isa = PBXFileReference; explicitFileType = wrapper.cfbundle; includeInIndex = 0; path = TumblrUITests.xctest; sourceTree = BUILT_PRODUCTS_DIR; };
		4855A84A21489FC100ADABBC /* TumblrUITests.swift */ = {isa = PBXFileReference; lastKnownFileType = sourcecode.swift; path = TumblrUITests.swift; sourceTree = "<group>"; };
		4855A84C21489FC100ADABBC /* Info.plist */ = {isa = PBXFileReference; lastKnownFileType = text.plist.xml; path = Info.plist; sourceTree = "<group>"; };
/* End PBXFileReference section */

/* Begin PBXFrameworksBuildPhase section */
		4855A82421489FC100ADABBC /* Frameworks */ = {
			isa = PBXFrameworksBuildPhase;
			buildActionMask = 2147483647;
			files = (
			);
			runOnlyForDeploymentPostprocessing = 0;
		};
		4855A83821489FC100ADABBC /* Frameworks */ = {
			isa = PBXFrameworksBuildPhase;
			buildActionMask = 2147483647;
			files = (
			);
			runOnlyForDeploymentPostprocessing = 0;
		};
		4855A84321489FC100ADABBC /* Frameworks */ = {
			isa = PBXFrameworksBuildPhase;
			buildActionMask = 2147483647;
			files = (
			);
			runOnlyForDeploymentPostprocessing = 0;
		};
/* End PBXFrameworksBuildPhase section */

/* Begin PBXGroup section */
		4855A81E21489FC100ADABBC = {
			isa = PBXGroup;
			children = (
				4855A82921489FC100ADABBC /* Tumblr */,
				4855A83E21489FC100ADABBC /* TumblrTests */,
				4855A84921489FC100ADABBC /* TumblrUITests */,
				4855A82821489FC100ADABBC /* Products */,
			);
			sourceTree = "<group>";
		};
		4855A82821489FC100ADABBC /* Products */ = {
			isa = PBXGroup;
			children = (
				4855A82721489FC100ADABBC /* Tumblr.app */,
				4855A83B21489FC100ADABBC /* TumblrTests.xctest */,
				4855A84621489FC100ADABBC /* TumblrUITests.xctest */,
			);
			name = Products;
			sourceTree = "<group>";
		};
		4855A82921489FC100ADABBC /* Tumblr */ = {
			isa = PBXGroup;
			children = (
				4855A82A21489FC100ADABBC /* AppDelegate.swift */,
				4855A82C21489FC100ADABBC /* ViewController.swift */,
				4855A82E21489FC100ADABBC /* Main.storyboard */,
				4855A83121489FC100ADABBC /* Assets.xcassets */,
				4855A83321489FC100ADABBC /* LaunchScreen.storyboard */,
				4855A83621489FC100ADABBC /* Info.plist */,
			);
			path = Tumblr;
			sourceTree = "<group>";
		};
		4855A83E21489FC100ADABBC /* TumblrTests */ = {
			isa = PBXGroup;
			children = (
				4855A83F21489FC100ADABBC /* TumblrTests.swift */,
				4855A84121489FC100ADABBC /* Info.plist */,
			);
			path = TumblrTests;
			sourceTree = "<group>";
		};
		4855A84921489FC100ADABBC /* TumblrUITests */ = {
			isa = PBXGroup;
			children = (
				4855A84A21489FC100ADABBC /* TumblrUITests.swift */,
				4855A84C21489FC100ADABBC /* Info.plist */,
			);
			path = TumblrUITests;
			sourceTree = "<group>";
		};
/* End PBXGroup section */

/* Begin PBXNativeTarget section */
		4855A82621489FC100ADABBC /* Tumblr */ = {
			isa = PBXNativeTarget;
			buildConfigurationList = 4855A84F21489FC100ADABBC /* Build configuration list for PBXNativeTarget "Tumblr" */;
			buildPhases = (
				4855A82321489FC100ADABBC /* Sources */,
				4855A82421489FC100ADABBC /* Frameworks */,
				4855A82521489FC100ADABBC /* Resources */,
			);
			buildRules = (
			);
			dependencies = (
			);
			name = Tumblr;
			productName = Tumblr;
			productReference = 4855A82721489FC100ADABBC /* Tumblr.app */;
			productType = "com.apple.product-type.application";
		};
		4855A83A21489FC100ADABBC /* TumblrTests */ = {
			isa = PBXNativeTarget;
			buildConfigurationList = 4855A85221489FC100ADABBC /* Build configuration list for PBXNativeTarget "TumblrTests" */;
			buildPhases = (
				4855A83721489FC100ADABBC /* Sources */,
				4855A83821489FC100ADABBC /* Frameworks */,
				4855A83921489FC100ADABBC /* Resources */,
			);
			buildRules = (
			);
			dependencies = (
				4855A83D21489FC100ADABBC /* PBXTargetDependency */,
			);
			name = TumblrTests;
			productName = TumblrTests;
			productReference = 4855A83B21489FC100ADABBC /* TumblrTests.xctest */;
			productType = "com.apple.product-type.bundle.unit-test";
		};
		4855A84521489FC100ADABBC /* TumblrUITests */ = {
			isa = PBXNativeTarget;
			buildConfigurationList = 4855A85521489FC100ADABBC /* Build configuration list for PBXNativeTarget "TumblrUITests" */;
			buildPhases = (
				4855A84221489FC100ADABBC /* Sources */,
				4855A84321489FC100ADABBC /* Frameworks */,
				4855A84421489FC100ADABBC /* Resources */,
			);
			buildRules = (
			);
			dependencies = (
				4855A84821489FC100ADABBC /* PBXTargetDependency */,
			);
			name = TumblrUITests;
			productName = TumblrUITests;
			productReference = 4855A84621489FC100ADABBC /* TumblrUITests.xctest */;
			productType = "com.apple.product-type.bundle.ui-testing";
		};
/* End PBXNativeTarget section */

/* Begin PBXProject section */
		4855A81F21489FC100ADABBC /* Project object */ = {
			isa = PBXProject;
			attributes = {
				LastSwiftUpdateCheck = 0920;
				LastUpgradeCheck = 0920;
				ORGANIZATIONNAME = "Avishek Thapa Magar";
				TargetAttributes = {
					4855A82621489FC100ADABBC = {
						CreatedOnToolsVersion = 9.2;
						ProvisioningStyle = Automatic;
					};
					4855A83A21489FC100ADABBC = {
						CreatedOnToolsVersion = 9.2;
						ProvisioningStyle = Automatic;
						TestTargetID = 4855A82621489FC100ADABBC;
					};
					4855A84521489FC100ADABBC = {
						CreatedOnToolsVersion = 9.2;
						ProvisioningStyle = Automatic;
						TestTargetID = 4855A82621489FC100ADABBC;
					};
				};
			};
			buildConfigurationList = 4855A82221489FC100ADABBC /* Build configuration list for PBXProject "Tumblr" */;
			compatibilityVersion = "Xcode 8.0";
			developmentRegion = en;
			hasScannedForEncodings = 0;
			knownRegions = (
				en,
				Base,
			);
			mainGroup = 4855A81E21489FC100ADABBC;
			productRefGroup = 4855A82821489FC100ADABBC /* Products */;
			projectDirPath = "";
			projectRoot = "";
			targets = (
				4855A82621489FC100ADABBC /* Tumblr */,
				4855A83A21489FC100ADABBC /* TumblrTests */,
				4855A84521489FC100ADABBC /* TumblrUITests */,
			);
		};
/* End PBXProject section */

/* Begin PBXResourcesBuildPhase section */
		4855A82521489FC100ADABBC /* Resources */ = {
			isa = PBXResourcesBuildPhase;
			buildActionMask = 2147483647;
			files = (
				4855A83521489FC100ADABBC /* LaunchScreen.storyboard in Resources */,
				4855A83221489FC100ADABBC /* Assets.xcassets in Resources */,
				4855A83021489FC100ADABBC /* Main.storyboard in Resources */,
			);
			runOnlyForDeploymentPostprocessing = 0;
		};
		4855A83921489FC100ADABBC /* Resources */ = {
			isa = PBXResourcesBuildPhase;
			buildActionMask = 2147483647;
			files = (
			);
			runOnlyForDeploymentPostprocessing = 0;
		};
		4855A84421489FC100ADABBC /* Resources */ = {
			isa = PBXResourcesBuildPhase;
			buildActionMask = 2147483647;
			files = (
			);
			runOnlyForDeploymentPostprocessing = 0;
		};
/* End PBXResourcesBuildPhase section */

/* Begin PBXSourcesBuildPhase section */
		4855A82321489FC100ADABBC /* Sources */ = {
			isa = PBXSourcesBuildPhase;
			buildActionMask = 2147483647;
			files = (
				4855A82D21489FC100ADABBC /* ViewController.swift in Sources */,
				4855A82B21489FC100ADABBC /* AppDelegate.swift in Sources */,
			);
			runOnlyForDeploymentPostprocessing = 0;
		};
		4855A83721489FC100ADABBC /* Sources */ = {
			isa = PBXSourcesBuildPhase;
			buildActionMask = 2147483647;
			files = (
				4855A84021489FC100ADABBC /* TumblrTests.swift in Sources */,
			);
			runOnlyForDeploymentPostprocessing = 0;
		};
		4855A84221489FC100ADABBC /* Sources */ = {
			isa = PBXSourcesBuildPhase;
			buildActionMask = 2147483647;
			files = (
				4855A84B21489FC100ADABBC /* TumblrUITests.swift in Sources */,
			);
			runOnlyForDeploymentPostprocessing = 0;
		};
/* End PBXSourcesBuildPhase section */

/* Begin PBXTargetDependency section */
		4855A83D21489FC100ADABBC /* PBXTargetDependency */ = {
			isa = PBXTargetDependency;
			target = 4855A82621489FC100ADABBC /* Tumblr */;
			targetProxy = 4855A83C21489FC100ADABBC /* PBXContainerItemProxy */;
		};
		4855A84821489FC100ADABBC /* PBXTargetDependency */ = {
			isa = PBXTargetDependency;
			target = 4855A82621489FC100ADABBC /* Tumblr */;
			targetProxy = 4855A84721489FC100ADABBC /* PBXContainerItemProxy */;
		};
/* End PBXTargetDependency section */

/* Begin PBXVariantGroup section */
		4855A82E21489FC100ADABBC /* Main.storyboard */ = {
			isa = PBXVariantGroup;
			children = (
				4855A82F21489FC100ADABBC /* Base */,
			);
			name = Main.storyboard;
			sourceTree = "<group>";
		};
		4855A83321489FC100ADABBC /* LaunchScreen.storyboard */ = {
			isa = PBXVariantGroup;
			children = (
				4855A83421489FC100ADABBC /* Base */,
			);
			name = LaunchScreen.storyboard;
			sourceTree = "<group>";
		};
/* End PBXVariantGroup section */

/* Begin XCBuildConfiguration section */
		4855A84D21489FC100ADABBC /* Debug */ = {
			isa = XCBuildConfiguration;
			buildSettings = {
				ALWAYS_SEARCH_USER_PATHS = NO;
				CLANG_ANALYZER_NONNULL = YES;
				CLANG_ANALYZER_NUMBER_OBJECT_CONVERSION = YES_AGGRESSIVE;
				CLANG_CXX_LANGUAGE_STANDARD = "gnu++14";
				CLANG_CXX_LIBRARY = "libc++";
				CLANG_ENABLE_MODULES = YES;
				CLANG_ENABLE_OBJC_ARC = YES;
				CLANG_WARN_BLOCK_CAPTURE_AUTORELEASING = YES;
				CLANG_WARN_BOOL_CONVERSION = YES;
				CLANG_WARN_COMMA = YES;
				CLANG_WARN_CONSTANT_CONVERSION = YES;
				CLANG_WARN_DIRECT_OBJC_ISA_USAGE = YES_ERROR;
				CLANG_WARN_DOCUMENTATION_COMMENTS = YES;
				CLANG_WARN_EMPTY_BODY = YES;
				CLANG_WARN_ENUM_CONVERSION = YES;
				CLANG_WARN_INFINITE_RECURSION = YES;
				CLANG_WARN_INT_CONVERSION = YES;
				CLANG_WARN_NON_LITERAL_NULL_CONVERSION = YES;
				CLANG_WARN_OBJC_LITERAL_CONVERSION = YES;
				CLANG_WARN_OBJC_ROOT_CLASS = YES_ERROR;
				CLANG_WARN_RANGE_LOOP_ANALYSIS = YES;
				CLANG_WARN_STRICT_PROTOTYPES = YES;
				CLANG_WARN_SUSPICIOUS_MOVE = YES;
				CLANG_WARN_UNGUARDED_AVAILABILITY = YES_AGGRESSIVE;
				CLANG_WARN_UNREACHABLE_CODE = YES;
				CLANG_WARN__DUPLICATE_METHOD_MATCH = YES;
				CODE_SIGN_IDENTITY = "iPhone Developer";
				COPY_PHASE_STRIP = NO;
				DEBUG_INFORMATION_FORMAT = dwarf;
				ENABLE_STRICT_OBJC_MSGSEND = YES;
				ENABLE_TESTABILITY = YES;
				GCC_C_LANGUAGE_STANDARD = gnu11;
				GCC_DYNAMIC_NO_PIC = NO;
				GCC_NO_COMMON_BLOCKS = YES;
				GCC_OPTIMIZATION_LEVEL = 0;
				GCC_PREPROCESSOR_DEFINITIONS = (
					"DEBUG=1",
					"$(inherited)",
				);
				GCC_WARN_64_TO_32_BIT_CONVERSION = YES;
				GCC_WARN_ABOUT_RETURN_TYPE = YES_ERROR;
				GCC_WARN_UNDECLARED_SELECTOR = YES;
				GCC_WARN_UNINITIALIZED_AUTOS = YES_AGGRESSIVE;
				GCC_WARN_UNUSED_FUNCTION = YES;
				GCC_WARN_UNUSED_VARIABLE = YES;
				IPHONEOS_DEPLOYMENT_TARGET = 11.2;
				MTL_ENABLE_DEBUG_INFO = YES;
				ONLY_ACTIVE_ARCH = YES;
				SDKROOT = iphoneos;
				SWIFT_ACTIVE_COMPILATION_CONDITIONS = DEBUG;
				SWIFT_OPTIMIZATION_LEVEL = "-Onone";
			};
			name = Debug;
		};
		4855A84E21489FC100ADABBC /* Release */ = {
			isa = XCBuildConfiguration;
			buildSettings = {
				ALWAYS_SEARCH_USER_PATHS = NO;
				CLANG_ANALYZER_NONNULL = YES;
				CLANG_ANALYZER_NUMBER_OBJECT_CONVERSION = YES_AGGRESSIVE;
				CLANG_CXX_LANGUAGE_STANDARD = "gnu++14";
				CLANG_CXX_LIBRARY = "libc++";
				CLANG_ENABLE_MODULES = YES;
				CLANG_ENABLE_OBJC_ARC = YES;
				CLANG_WARN_BLOCK_CAPTURE_AUTORELEASING = YES;
				CLANG_WARN_BOOL_CONVERSION = YES;
				CLANG_WARN_COMMA = YES;
				CLANG_WARN_CONSTANT_CONVERSION = YES;
				CLANG_WARN_DIRECT_OBJC_ISA_USAGE = YES_ERROR;
				CLANG_WARN_DOCUMENTATION_COMMENTS = YES;
				CLANG_WARN_EMPTY_BODY = YES;
				CLANG_WARN_ENUM_CONVERSION = YES;
				CLANG_WARN_INFINITE_RECURSION = YES;
				CLANG_WARN_INT_CONVERSION = YES;
				CLANG_WARN_NON_LITERAL_NULL_CONVERSION = YES;
				CLANG_WARN_OBJC_LITERAL_CONVERSION = YES;
				CLANG_WARN_OBJC_ROOT_CLASS = YES_ERROR;
				CLANG_WARN_RANGE_LOOP_ANALYSIS = YES;
				CLANG_WARN_STRICT_PROTOTYPES = YES;
				CLANG_WARN_SUSPICIOUS_MOVE = YES;
				CLANG_WARN_UNGUARDED_AVAILABILITY = YES_AGGRESSIVE;
				CLANG_WARN_UNREACHABLE_CODE = YES;
				CLANG_WARN__DUPLICATE_METHOD_MATCH = YES;
				CODE_SIGN_IDENTITY = "iPhone Developer";
				COPY_PHASE_STRIP = NO;
				DEBUG_INFORMATION_FORMAT = "dwarf-with-dsym";
				ENABLE_NS_ASSERTIONS = NO;
				ENABLE_STRICT_OBJC_MSGSEND = YES;
				GCC_C_LANGUAGE_STANDARD = gnu11;
				GCC_NO_COMMON_BLOCKS = YES;
				GCC_WARN_64_TO_32_BIT_CONVERSION = YES;
				GCC_WARN_ABOUT_RETURN_TYPE = YES_ERROR;
				GCC_WARN_UNDECLARED_SELECTOR = YES;
				GCC_WARN_UNINITIALIZED_AUTOS = YES_AGGRESSIVE;
				GCC_WARN_UNUSED_FUNCTION = YES;
				GCC_WARN_UNUSED_VARIABLE = YES;
				IPHONEOS_DEPLOYMENT_TARGET = 11.2;
				MTL_ENABLE_DEBUG_INFO = NO;
				SDKROOT = iphoneos;
				SWIFT_OPTIMIZATION_LEVEL = "-Owholemodule";
				VALIDATE_PRODUCT = YES;
			};
			name = Release;
		};
		4855A85021489FC100ADABBC /* Debug */ = {
			isa = XCBuildConfiguration;
			buildSettings = {
				ASSETCATALOG_COMPILER_APPICON_NAME = AppIcon;
				CODE_SIGN_STYLE = Automatic;
				INFOPLIST_FILE = Tumblr/Info.plist;
				LD_RUNPATH_SEARCH_PATHS = "$(inherited) @executable_path/Frameworks";
				PRODUCT_BUNDLE_IDENTIFIER = soft.Tumblr;
				PRODUCT_NAME = "$(TARGET_NAME)";
				SWIFT_VERSION = 4.0;
				TARGETED_DEVICE_FAMILY = "1,2";
			};
			name = Debug;
		};
		4855A85121489FC100ADABBC /* Release */ = {
			isa = XCBuildConfiguration;
			buildSettings = {
				ASSETCATALOG_COMPILER_APPICON_NAME = AppIcon;
				CODE_SIGN_STYLE = Automatic;
				INFOPLIST_FILE = Tumblr/Info.plist;
				LD_RUNPATH_SEARCH_PATHS = "$(inherited) @executable_path/Frameworks";
				PRODUCT_BUNDLE_IDENTIFIER = soft.Tumblr;
				PRODUCT_NAME = "$(TARGET_NAME)";
				SWIFT_VERSION = 4.0;
				TARGETED_DEVICE_FAMILY = "1,2";
			};
			name = Release;
		};
		4855A85321489FC100ADABBC /* Debug */ = {
			isa = XCBuildConfiguration;
			buildSettings = {
				ALWAYS_EMBED_SWIFT_STANDARD_LIBRARIES = YES;
				BUNDLE_LOADER = "$(TEST_HOST)";
				CODE_SIGN_STYLE = Automatic;
				INFOPLIST_FILE = TumblrTests/Info.plist;
				LD_RUNPATH_SEARCH_PATHS = "$(inherited) @executable_path/Frameworks @loader_path/Frameworks";
				PRODUCT_BUNDLE_IDENTIFIER = soft.TumblrTests;
				PRODUCT_NAME = "$(TARGET_NAME)";
				SWIFT_VERSION = 4.0;
				TARGETED_DEVICE_FAMILY = "1,2";
				TEST_HOST = "$(BUILT_PRODUCTS_DIR)/Tumblr.app/Tumblr";
			};
			name = Debug;
		};
		4855A85421489FC100ADABBC /* Release */ = {
			isa = XCBuildConfiguration;
			buildSettings = {
				ALWAYS_EMBED_SWIFT_STANDARD_LIBRARIES = YES;
				BUNDLE_LOADER = "$(TEST_HOST)";
				CODE_SIGN_STYLE = Automatic;
				INFOPLIST_FILE = TumblrTests/Info.plist;
				LD_RUNPATH_SEARCH_PATHS = "$(inherited) @executable_path/Frameworks @loader_path/Frameworks";
				PRODUCT_BUNDLE_IDENTIFIER = soft.TumblrTests;
				PRODUCT_NAME = "$(TARGET_NAME)";
				SWIFT_VERSION = 4.0;
				TARGETED_DEVICE_FAMILY = "1,2";
				TEST_HOST = "$(BUILT_PRODUCTS_DIR)/Tumblr.app/Tumblr";
			};
			name = Release;
		};
		4855A85621489FC100ADABBC /* Debug */ = {
			isa = XCBuildConfiguration;
			buildSettings = {
				ALWAYS_EMBED_SWIFT_STANDARD_LIBRARIES = YES;
				CODE_SIGN_STYLE = Automatic;
				INFOPLIST_FILE = TumblrUITests/Info.plist;
				LD_RUNPATH_SEARCH_PATHS = "$(inherited) @executable_path/Frameworks @loader_path/Frameworks";
				PRODUCT_BUNDLE_IDENTIFIER = soft.TumblrUITests;
				PRODUCT_NAME = "$(TARGET_NAME)";
				SWIFT_VERSION = 4.0;
				TARGETED_DEVICE_FAMILY = "1,2";
				TEST_TARGET_NAME = Tumblr;
			};
			name = Debug;
		};
		4855A85721489FC100ADABBC /* Release */ = {
			isa = XCBuildConfiguration;
			buildSettings = {
				ALWAYS_EMBED_SWIFT_STANDARD_LIBRARIES = YES;
				CODE_SIGN_STYLE = Automatic;
				INFOPLIST_FILE = TumblrUITests/Info.plist;
				LD_RUNPATH_SEARCH_PATHS = "$(inherited) @executable_path/Frameworks @loader_path/Frameworks";
				PRODUCT_BUNDLE_IDENTIFIER = soft.TumblrUITests;
				PRODUCT_NAME = "$(TARGET_NAME)";
				SWIFT_VERSION = 4.0;
				TARGETED_DEVICE_FAMILY = "1,2";
				TEST_TARGET_NAME = Tumblr;
			};
			name = Release;
		};
/* End XCBuildConfiguration section */

/* Begin XCConfigurationList section */
		4855A82221489FC100ADABBC /* Build configuration list for PBXProject "Tumblr" */ = {
			isa = XCConfigurationList;
			buildConfigurations = (
				4855A84D21489FC100ADABBC /* Debug */,
				4855A84E21489FC100ADABBC /* Release */,
			);
			defaultConfigurationIsVisible = 0;
			defaultConfigurationName = Release;
		};
		4855A84F21489FC100ADABBC /* Build configuration list for PBXNativeTarget "Tumblr" */ = {
			isa = XCConfigurationList;
			buildConfigurations = (
				4855A85021489FC100ADABBC /* Debug */,
				4855A85121489FC100ADABBC /* Release */,
			);
			defaultConfigurationIsVisible = 0;
			defaultConfigurationName = Release;
		};
		4855A85221489FC100ADABBC /* Build configuration list for PBXNativeTarget "TumblrTests" */ = {
			isa = XCConfigurationList;
			buildConfigurations = (
				4855A85321489FC100ADABBC /* Debug */,
				4855A85421489FC100ADABBC /* Release */,
			);
			defaultConfigurationIsVisible = 0;
			defaultConfigurationName = Release;
		};
		4855A85521489FC100ADABBC /* Build configuration list for PBXNativeTarget "TumblrUITests" */ = {
			isa = XCConfigurationList;
			buildConfigurations = (
				4855A85621489FC100ADABBC /* Debug */,
				4855A85721489FC100ADABBC /* Release */,
			);
			defaultConfigurationIsVisible = 0;
			defaultConfigurationName = Release;
		};
/* End XCConfigurationList section */
	};
	rootObject = 4855A81F21489FC100ADABBC /* Project object */;
}
